// !$*UTF8*$!
{
	archiveVersion = 1;
	classes = {
	};
	objectVersion = 46;
	objects = {

/* Begin PBXBuildFile section */
		84F3A077B96A114A7E98AA85 /* Pods_Robots.framework in Frameworks */ = {isa = PBXBuildFile; fileRef = 2F492AE322B799B3854343E0 /* Pods_Robots.framework */; };
		EE937C081F7869AC004E8C48 /* Assets.xcassets in Resources */ = {isa = PBXBuildFile; fileRef = EE937C071F7869AC004E8C48 /* Assets.xcassets */; };
		EE937C0C1F786C74004E8C48 /* LaunchScreen.storyboard in Resources */ = {isa = PBXBuildFile; fileRef = EE937C0A1F786C74004E8C48 /* LaunchScreen.storyboard */; };
		EE937C0F1F786CF5004E8C48 /* AppDelegate.swift in Sources */ = {isa = PBXBuildFile; fileRef = EE937C0E1F786CF5004E8C48 /* AppDelegate.swift */; };
		EE937C131F786E4C004E8C48 /* Main.storyboard in Resources */ = {isa = PBXBuildFile; fileRef = EE937C121F786E4C004E8C48 /* Main.storyboard */; };
		EE937C171F786E64004E8C48 /* ViewController.swift in Sources */ = {isa = PBXBuildFile; fileRef = EE937C161F786E64004E8C48 /* ViewController.swift */; };
		EE937C271F795EC9004E8C48 /* View.swift in Sources */ = {isa = PBXBuildFile; fileRef = EE937C261F795EC9004E8C48 /* View.swift */; };
		EE937C291F795F37004E8C48 /* Constants.swift in Sources */ = {isa = PBXBuildFile; fileRef = EE937C281F795F37004E8C48 /* Constants.swift */; };
		EE937C321F79623D004E8C48 /* Color.swift in Sources */ = {isa = PBXBuildFile; fileRef = EE937C311F79623D004E8C48 /* Color.swift */; };
		EE937C341F79635D004E8C48 /* Font.swift in Sources */ = {isa = PBXBuildFile; fileRef = EE937C331F79635D004E8C48 /* Font.swift */; };
		EE937C3A1F796663004E8C48 /* ErrorViewLabel.swift in Sources */ = {isa = PBXBuildFile; fileRef = EE937C381F796663004E8C48 /* ErrorViewLabel.swift */; };
		EE937C3B1F796663004E8C48 /* Label.swift in Sources */ = {isa = PBXBuildFile; fileRef = EE937C391F796663004E8C48 /* Label.swift */; };
		EE937C3D1F796685004E8C48 /* ColoredTextButton.swift in Sources */ = {isa = PBXBuildFile; fileRef = EE937C3C1F796685004E8C48 /* ColoredTextButton.swift */; };
		EE937C401F796709004E8C48 /* UIImage+ResizableImage.swift in Sources */ = {isa = PBXBuildFile; fileRef = EE937C3F1F796709004E8C48 /* UIImage+ResizableImage.swift */; };
		EE937C421F796765004E8C48 /* GreenTextButton.swift in Sources */ = {isa = PBXBuildFile; fileRef = EE937C411F796765004E8C48 /* GreenTextButton.swift */; };
		EED890481F79836400300AF9 /* UIView+Autolayout.swift in Sources */ = {isa = PBXBuildFile; fileRef = EED890471F79836400300AF9 /* UIView+Autolayout.swift */; };
		EED8904B1F799A4800300AF9 /* Strings.swift in Sources */ = {isa = PBXBuildFile; fileRef = EED8904A1F799A4800300AF9 /* Strings.swift */; };
		EED890551F799E4500300AF9 /* RobotsView.swift in Sources */ = {isa = PBXBuildFile; fileRef = EED890541F799E4500300AF9 /* RobotsView.swift */; };
		EED890571F79A27F00300AF9 /* RobotsViewController.swift in Sources */ = {isa = PBXBuildFile; fileRef = EED890561F79A27F00300AF9 /* RobotsViewController.swift */; };
		EED890591F79A7DD00300AF9 /* AppearanceInitializer.swift in Sources */ = {isa = PBXBuildFile; fileRef = EED890581F79A7DD00300AF9 /* AppearanceInitializer.swift */; };
		EED8905B1F79A8DE00300AF9 /* RobotView.swift in Sources */ = {isa = PBXBuildFile; fileRef = EED8905A1F79A8DE00300AF9 /* RobotView.swift */; };
		EED8905D1F79A8F300300AF9 /* RobotViewController.swift in Sources */ = {isa = PBXBuildFile; fileRef = EED8905C1F79A8F300300AF9 /* RobotViewController.swift */; };
		EED890601F79A9A800300AF9 /* SegueHandler.swift in Sources */ = {isa = PBXBuildFile; fileRef = EED8905F1F79A9A800300AF9 /* SegueHandler.swift */; };
		EED890641F79AD5900300AF9 /* Result.swift in Sources */ = {isa = PBXBuildFile; fileRef = EED890631F79AD5900300AF9 /* Result.swift */; };
		EED890671F7A717800300AF9 /* Deserializer.swift in Sources */ = {isa = PBXBuildFile; fileRef = EED890661F7A717800300AF9 /* Deserializer.swift */; };
		EED890691F7A71A300300AF9 /* JSONDeserializer.swift in Sources */ = {isa = PBXBuildFile; fileRef = EED890681F7A71A300300AF9 /* JSONDeserializer.swift */; };
		EED8906B1F7A726100300AF9 /* AppError.swift in Sources */ = {isa = PBXBuildFile; fileRef = EED8906A1F7A726100300AF9 /* AppError.swift */; };
		EED8906E1F7A73BE00300AF9 /* Repository.swift in Sources */ = {isa = PBXBuildFile; fileRef = EED8906D1F7A73BE00300AF9 /* Repository.swift */; };
		EED890701F7A75C000300AF9 /* NetworkRepository.swift in Sources */ = {isa = PBXBuildFile; fileRef = EED8906F1F7A75C000300AF9 /* NetworkRepository.swift */; };
		EED890721F7A7ACD00300AF9 /* Dictionary+Mapping.swift in Sources */ = {isa = PBXBuildFile; fileRef = EED890711F7A7ACD00300AF9 /* Dictionary+Mapping.swift */; };
		EED890751F7A8B7C00300AF9 /* Request.swift in Sources */ = {isa = PBXBuildFile; fileRef = EED890741F7A8B7C00300AF9 /* Request.swift */; };
		EED890781F7A8F4B00300AF9 /* Scheduler.swift in Sources */ = {isa = PBXBuildFile; fileRef = EED890771F7A8F4B00300AF9 /* Scheduler.swift */; };
		EED8907A1F7A8F6300300AF9 /* GCDScheduler.swift in Sources */ = {isa = PBXBuildFile; fileRef = EED890791F7A8F6300300AF9 /* GCDScheduler.swift */; };
		EED8907D1F7A908800300AF9 /* ServiceLayer.swift in Sources */ = {isa = PBXBuildFile; fileRef = EED8907C1F7A908800300AF9 /* ServiceLayer.swift */; };
		EED8907F1F7A961900300AF9 /* Service.swift in Sources */ = {isa = PBXBuildFile; fileRef = EED8907E1F7A961900300AF9 /* Service.swift */; };
		EED890821F7A973B00300AF9 /* ServiceAssembly.swift in Sources */ = {isa = PBXBuildFile; fileRef = EED890811F7A973B00300AF9 /* ServiceAssembly.swift */; };
		EED890851F7A976C00300AF9 /* Transport.swift in Sources */ = {isa = PBXBuildFile; fileRef = EED890841F7A976C00300AF9 /* Transport.swift */; };
		EED890871F7A979700300AF9 /* AlamofireTransport.swift in Sources */ = {isa = PBXBuildFile; fileRef = EED890861F7A979700300AF9 /* AlamofireTransport.swift */; };
/* End PBXBuildFile section */

/* Begin PBXFileReference section */
		2F492AE322B799B3854343E0 /* Pods_Robots.framework */ = {isa = PBXFileReference; explicitFileType = wrapper.framework; includeInIndex = 0; path = Pods_Robots.framework; sourceTree = BUILT_PRODUCTS_DIR; };
		8E1FC0A0F093FE6E89AC09CE /* Pods-Robots.debug.xcconfig */ = {isa = PBXFileReference; includeInIndex = 1; lastKnownFileType = text.xcconfig; name = "Pods-Robots.debug.xcconfig"; path = "Pods/Target Support Files/Pods-Robots/Pods-Robots.debug.xcconfig"; sourceTree = "<group>"; };
		AD6F9C5729568D3F16D8AEEE /* Pods-Robots.release.xcconfig */ = {isa = PBXFileReference; includeInIndex = 1; lastKnownFileType = text.xcconfig; name = "Pods-Robots.release.xcconfig"; path = "Pods/Target Support Files/Pods-Robots/Pods-Robots.release.xcconfig"; sourceTree = "<group>"; };
		EE937BEE1F786792004E8C48 /* Robots.app */ = {isa = PBXFileReference; explicitFileType = wrapper.application; includeInIndex = 0; path = Robots.app; sourceTree = BUILT_PRODUCTS_DIR; };
		EE937C071F7869AC004E8C48 /* Assets.xcassets */ = {isa = PBXFileReference; lastKnownFileType = folder.assetcatalog; name = Assets.xcassets; path = Resources/Assets/Assets.xcassets; sourceTree = "<group>"; };
		EE937C091F786C74004E8C48 /* Info.plist */ = {isa = PBXFileReference; fileEncoding = 4; lastKnownFileType = text.plist.xml; name = Info.plist; path = "Supporting Files/Info.plist"; sourceTree = "<group>"; };
		EE937C0A1F786C74004E8C48 /* LaunchScreen.storyboard */ = {isa = PBXFileReference; fileEncoding = 4; lastKnownFileType = file.storyboard; name = LaunchScreen.storyboard; path = "Supporting Files/LaunchScreen.storyboard"; sourceTree = "<group>"; };
		EE937C0E1F786CF5004E8C48 /* AppDelegate.swift */ = {isa = PBXFileReference; fileEncoding = 4; lastKnownFileType = sourcecode.swift; name = AppDelegate.swift; path = Code/Application/AppDelegate.swift; sourceTree = "<group>"; };
		EE937C121F786E4C004E8C48 /* Main.storyboard */ = {isa = PBXFileReference; fileEncoding = 4; lastKnownFileType = file.storyboard; name = Main.storyboard; path = Code/Presentation/Main/Main.storyboard; sourceTree = "<group>"; };
		EE937C161F786E64004E8C48 /* ViewController.swift */ = {isa = PBXFileReference; fileEncoding = 4; lastKnownFileType = sourcecode.swift; name = ViewController.swift; path = Code/Presentation/Common/ViewController/ViewController.swift; sourceTree = "<group>"; };
		EE937C261F795EC9004E8C48 /* View.swift */ = {isa = PBXFileReference; fileEncoding = 4; lastKnownFileType = sourcecode.swift; name = View.swift; path = Code/Presentation/Common/View/View.swift; sourceTree = "<group>"; };
		EE937C281F795F37004E8C48 /* Constants.swift */ = {isa = PBXFileReference; fileEncoding = 4; lastKnownFileType = sourcecode.swift; name = Constants.swift; path = Code/Application/Constants.swift; sourceTree = "<group>"; };
		EE937C311F79623D004E8C48 /* Color.swift */ = {isa = PBXFileReference; fileEncoding = 4; lastKnownFileType = sourcecode.swift; name = Color.swift; path = Resources/Colors/Color.swift; sourceTree = "<group>"; };
		EE937C331F79635D004E8C48 /* Font.swift */ = {isa = PBXFileReference; fileEncoding = 4; lastKnownFileType = sourcecode.swift; name = Font.swift; path = Resources/Fonts/Font.swift; sourceTree = "<group>"; };
		EE937C381F796663004E8C48 /* ErrorViewLabel.swift */ = {isa = PBXFileReference; fileEncoding = 4; lastKnownFileType = sourcecode.swift; name = ErrorViewLabel.swift; path = Code/Presentation/Common/View/Label/ErrorViewLabel.swift; sourceTree = "<group>"; };
		EE937C391F796663004E8C48 /* Label.swift */ = {isa = PBXFileReference; fileEncoding = 4; lastKnownFileType = sourcecode.swift; name = Label.swift; path = Code/Presentation/Common/View/Label/Label.swift; sourceTree = "<group>"; };
		EE937C3C1F796685004E8C48 /* ColoredTextButton.swift */ = {isa = PBXFileReference; fileEncoding = 4; lastKnownFileType = sourcecode.swift; name = ColoredTextButton.swift; path = Code/Presentation/Common/View/Button/ColoredTextButton.swift; sourceTree = "<group>"; };
		EE937C3F1F796709004E8C48 /* UIImage+ResizableImage.swift */ = {isa = PBXFileReference; fileEncoding = 4; lastKnownFileType = sourcecode.swift; name = "UIImage+ResizableImage.swift"; path = "Code/Extensions/UIImage+ResizableImage.swift"; sourceTree = "<group>"; };
		EE937C411F796765004E8C48 /* GreenTextButton.swift */ = {isa = PBXFileReference; fileEncoding = 4; lastKnownFileType = sourcecode.swift; name = GreenTextButton.swift; path = Code/Presentation/Common/View/Button/GreenTextButton.swift; sourceTree = "<group>"; };
		EED890471F79836400300AF9 /* UIView+Autolayout.swift */ = {isa = PBXFileReference; fileEncoding = 4; lastKnownFileType = sourcecode.swift; name = "UIView+Autolayout.swift"; path = "Code/Extensions/UIView+Autolayout.swift"; sourceTree = "<group>"; };
		EED8904A1F799A4800300AF9 /* Strings.swift */ = {isa = PBXFileReference; fileEncoding = 4; lastKnownFileType = sourcecode.swift; name = Strings.swift; path = Resources/Strings/Strings.swift; sourceTree = "<group>"; };
		EED890541F799E4500300AF9 /* RobotsView.swift */ = {isa = PBXFileReference; fileEncoding = 4; lastKnownFileType = sourcecode.swift; name = RobotsView.swift; path = Code/Presentation/Main/View/RobotsView.swift; sourceTree = "<group>"; };
		EED890561F79A27F00300AF9 /* RobotsViewController.swift */ = {isa = PBXFileReference; fileEncoding = 4; lastKnownFileType = sourcecode.swift; name = RobotsViewController.swift; path = Code/Presentation/Main/ViewController/RobotsViewController.swift; sourceTree = "<group>"; };
		EED890581F79A7DD00300AF9 /* AppearanceInitializer.swift */ = {isa = PBXFileReference; fileEncoding = 4; lastKnownFileType = sourcecode.swift; name = AppearanceInitializer.swift; path = Code/Application/AppearanceInitializer.swift; sourceTree = "<group>"; };
		EED8905A1F79A8DE00300AF9 /* RobotView.swift */ = {isa = PBXFileReference; fileEncoding = 4; lastKnownFileType = sourcecode.swift; name = RobotView.swift; path = Code/Presentation/Main/View/RobotView.swift; sourceTree = "<group>"; };
		EED8905C1F79A8F300300AF9 /* RobotViewController.swift */ = {isa = PBXFileReference; fileEncoding = 4; lastKnownFileType = sourcecode.swift; name = RobotViewController.swift; path = Code/Presentation/Main/ViewController/RobotViewController.swift; sourceTree = "<group>"; };
		EED8905F1F79A9A800300AF9 /* SegueHandler.swift */ = {isa = PBXFileReference; fileEncoding = 4; lastKnownFileType = sourcecode.swift; name = SegueHandler.swift; path = Code/Utils/SegueHandler.swift; sourceTree = "<group>"; };
		EED890631F79AD5900300AF9 /* Result.swift */ = {isa = PBXFileReference; fileEncoding = 4; lastKnownFileType = sourcecode.swift; name = Result.swift; path = Code/Utils/Result.swift; sourceTree = "<group>"; };
		EED890661F7A717800300AF9 /* Deserializer.swift */ = {isa = PBXFileReference; fileEncoding = 4; lastKnownFileType = sourcecode.swift; name = Deserializer.swift; path = "Code/Business Logic/Common/Deserializer/Deserializer.swift"; sourceTree = "<group>"; };
		EED890681F7A71A300300AF9 /* JSONDeserializer.swift */ = {isa = PBXFileReference; fileEncoding = 4; lastKnownFileType = sourcecode.swift; name = JSONDeserializer.swift; path = "Code/Business Logic/Common/Deserializer/JSONDeserializer.swift"; sourceTree = "<group>"; };
		EED8906A1F7A726100300AF9 /* AppError.swift */ = {isa = PBXFileReference; fileEncoding = 4; lastKnownFileType = sourcecode.swift; name = AppError.swift; path = Code/Application/AppError.swift; sourceTree = "<group>"; };
		EED8906D1F7A73BE00300AF9 /* Repository.swift */ = {isa = PBXFileReference; fileEncoding = 4; lastKnownFileType = sourcecode.swift; name = Repository.swift; path = "Code/Business Logic/Common/Repository/Repository.swift"; sourceTree = "<group>"; };
		EED8906F1F7A75C000300AF9 /* NetworkRepository.swift */ = {isa = PBXFileReference; fileEncoding = 4; lastKnownFileType = sourcecode.swift; name = NetworkRepository.swift; path = "Code/Business Logic/Common/Repository/NetworkRepository.swift"; sourceTree = "<group>"; };
		EED890711F7A7ACD00300AF9 /* Dictionary+Mapping.swift */ = {isa = PBXFileReference; fileEncoding = 4; lastKnownFileType = sourcecode.swift; name = "Dictionary+Mapping.swift"; path = "Code/Extensions/Dictionary+Mapping.swift"; sourceTree = "<group>"; };
		EED890741F7A8B7C00300AF9 /* Request.swift */ = {isa = PBXFileReference; fileEncoding = 4; lastKnownFileType = sourcecode.swift; name = Request.swift; path = "Code/Business Logic/Common/Request/Request.swift"; sourceTree = "<group>"; };
		EED890771F7A8F4B00300AF9 /* Scheduler.swift */ = {isa = PBXFileReference; fileEncoding = 4; lastKnownFileType = sourcecode.swift; name = Scheduler.swift; path = "Code/Business Logic/Common/Scheduler/Scheduler.swift"; sourceTree = "<group>"; };
		EED890791F7A8F6300300AF9 /* GCDScheduler.swift */ = {isa = PBXFileReference; fileEncoding = 4; lastKnownFileType = sourcecode.swift; name = GCDScheduler.swift; path = "Code/Business Logic/Common/Scheduler/GCDScheduler.swift"; sourceTree = "<group>"; };
		EED8907C1F7A908800300AF9 /* ServiceLayer.swift */ = {isa = PBXFileReference; fileEncoding = 4; lastKnownFileType = sourcecode.swift; name = ServiceLayer.swift; path = "Code/Business Logic/Common/Service/ServiceLayer.swift"; sourceTree = "<group>"; };
		EED8907E1F7A961900300AF9 /* Service.swift */ = {isa = PBXFileReference; fileEncoding = 4; lastKnownFileType = sourcecode.swift; name = Service.swift; path = "Code/Business Logic/Common/Service/Service.swift"; sourceTree = "<group>"; };
		EED890811F7A973B00300AF9 /* ServiceAssembly.swift */ = {isa = PBXFileReference; fileEncoding = 4; lastKnownFileType = sourcecode.swift; name = ServiceAssembly.swift; path = "Code/Business Logic/Common/ServiceAssembly/ServiceAssembly.swift"; sourceTree = "<group>"; };
		EED890841F7A976C00300AF9 /* Transport.swift */ = {isa = PBXFileReference; fileEncoding = 4; lastKnownFileType = sourcecode.swift; name = Transport.swift; path = "Code/Business Logic/Common/Transport/Transport.swift"; sourceTree = "<group>"; };
		EED890861F7A979700300AF9 /* AlamofireTransport.swift */ = {isa = PBXFileReference; fileEncoding = 4; lastKnownFileType = sourcecode.swift; name = AlamofireTransport.swift; path = "Code/Business Logic/Common/Transport/AlamofireTransport.swift"; sourceTree = "<group>"; };
/* End PBXFileReference section */

/* Begin PBXFrameworksBuildPhase section */
		EE937BEB1F786792004E8C48 /* Frameworks */ = {
			isa = PBXFrameworksBuildPhase;
			buildActionMask = 2147483647;
			files = (
				84F3A077B96A114A7E98AA85 /* Pods_Robots.framework in Frameworks */,
			);
			runOnlyForDeploymentPostprocessing = 0;
		};
/* End PBXFrameworksBuildPhase section */

/* Begin PBXGroup section */
		2583032A183FF225A2CEEF4E /* Frameworks */ = {
			isa = PBXGroup;
			children = (
				2F492AE322B799B3854343E0 /* Pods_Robots.framework */,
			);
			name = Frameworks;
			sourceTree = "<group>";
		};
		EE937BE51F786792004E8C48 = {
			isa = PBXGroup;
			children = (
				EE937BF01F786792004E8C48 /* Robots */,
				EE937BEF1F786792004E8C48 /* Products */,
				FB5CE1486A418262B23598A8 /* Pods */,
				2583032A183FF225A2CEEF4E /* Frameworks */,
			);
			sourceTree = "<group>";
		};
		EE937BEF1F786792004E8C48 /* Products */ = {
			isa = PBXGroup;
			children = (
				EE937BEE1F786792004E8C48 /* Robots.app */,
			);
			name = Products;
			sourceTree = "<group>";
		};
		EE937BF01F786792004E8C48 /* Robots */ = {
			isa = PBXGroup;
			children = (
				EE937C031F7868DD004E8C48 /* Code */,
				EE937C041F7868E8004E8C48 /* Resources */,
				EE937C051F7868F3004E8C48 /* Supporting Files */,
			);
			path = Robots;
			sourceTree = "<group>";
		};
		EE937C031F7868DD004E8C48 /* Code */ = {
			isa = PBXGroup;
			children = (
				EE937C0D1F786CBC004E8C48 /* Application */,
				EED890611F79AD0400300AF9 /* BusinessLogic */,
				EE937C3E1F7966E8004E8C48 /* Extensions */,
				EE937C101F786D7D004E8C48 /* Presentation */,
				EED8905E1F79A97F00300AF9 /* Utils */,
			);
			name = Code;
			sourceTree = "<group>";
		};
		EE937C041F7868E8004E8C48 /* Resources */ = {
			isa = PBXGroup;
			children = (
				EED890491F7999DE00300AF9 /* Strings */,
				EE937C301F796229004E8C48 /* Fonts */,
				EE937C2F1F796222004E8C48 /* Colors */,
				EE937C061F786909004E8C48 /* Assets */,
			);
			name = Resources;
			sourceTree = "<group>";
		};
		EE937C051F7868F3004E8C48 /* Supporting Files */ = {
			isa = PBXGroup;
			children = (
				EE937C091F786C74004E8C48 /* Info.plist */,
				EE937C0A1F786C74004E8C48 /* LaunchScreen.storyboard */,
			);
			name = "Supporting Files";
			sourceTree = "<group>";
		};
		EE937C061F786909004E8C48 /* Assets */ = {
			isa = PBXGroup;
			children = (
				EE937C071F7869AC004E8C48 /* Assets.xcassets */,
			);
			name = Assets;
			sourceTree = "<group>";
		};
		EE937C0D1F786CBC004E8C48 /* Application */ = {
			isa = PBXGroup;
			children = (
				EE937C0E1F786CF5004E8C48 /* AppDelegate.swift */,
				EE937C281F795F37004E8C48 /* Constants.swift */,
				EED890581F79A7DD00300AF9 /* AppearanceInitializer.swift */,
				EED8906A1F7A726100300AF9 /* AppError.swift */,
			);
			name = Application;
			sourceTree = "<group>";
		};
		EE937C101F786D7D004E8C48 /* Presentation */ = {
			isa = PBXGroup;
			children = (
				EE937C141F786E52004E8C48 /* Common */,
				EE937C111F786D8E004E8C48 /* Main */,
			);
			name = Presentation;
			sourceTree = "<group>";
		};
		EE937C111F786D8E004E8C48 /* Main */ = {
			isa = PBXGroup;
			children = (
				EED890521F799E1F00300AF9 /* View */,
				EED890531F799E2300300AF9 /* ViewController */,
				EE937C121F786E4C004E8C48 /* Main.storyboard */,
			);
			name = Main;
			sourceTree = "<group>";
		};
		EE937C141F786E52004E8C48 /* Common */ = {
			isa = PBXGroup;
			children = (
				EE937C231F795CE8004E8C48 /* View */,
				EE937C151F786E58004E8C48 /* ViewController */,
			);
			name = Common;
			sourceTree = "<group>";
		};
		EE937C151F786E58004E8C48 /* ViewController */ = {
			isa = PBXGroup;
			children = (
				EE937C161F786E64004E8C48 /* ViewController.swift */,
			);
			name = ViewController;
			sourceTree = "<group>";
		};
		EE937C231F795CE8004E8C48 /* View */ = {
			isa = PBXGroup;
			children = (
				EE937C371F79664D004E8C48 /* Button */,
				EE937C361F796648004E8C48 /* Label */,
				EE937C261F795EC9004E8C48 /* View.swift */,
			);
			name = View;
			sourceTree = "<group>";
		};
		EE937C2F1F796222004E8C48 /* Colors */ = {
			isa = PBXGroup;
			children = (
				EE937C311F79623D004E8C48 /* Color.swift */,
			);
			name = Colors;
			sourceTree = "<group>";
		};
		EE937C301F796229004E8C48 /* Fonts */ = {
			isa = PBXGroup;
			children = (
				EE937C331F79635D004E8C48 /* Font.swift */,
			);
			name = Fonts;
			sourceTree = "<group>";
		};
		EE937C361F796648004E8C48 /* Label */ = {
			isa = PBXGroup;
			children = (
				EE937C391F796663004E8C48 /* Label.swift */,
				EE937C381F796663004E8C48 /* ErrorViewLabel.swift */,
			);
			name = Label;
			sourceTree = "<group>";
		};
		EE937C371F79664D004E8C48 /* Button */ = {
			isa = PBXGroup;
			children = (
				EE937C3C1F796685004E8C48 /* ColoredTextButton.swift */,
				EE937C411F796765004E8C48 /* GreenTextButton.swift */,
			);
			name = Button;
			sourceTree = "<group>";
		};
		EE937C3E1F7966E8004E8C48 /* Extensions */ = {
			isa = PBXGroup;
			children = (
				EE937C3F1F796709004E8C48 /* UIImage+ResizableImage.swift */,
				EED890471F79836400300AF9 /* UIView+Autolayout.swift */,
				EED890711F7A7ACD00300AF9 /* Dictionary+Mapping.swift */,
			);
			name = Extensions;
			sourceTree = "<group>";
		};
		EED890491F7999DE00300AF9 /* Strings */ = {
			isa = PBXGroup;
			children = (
				EED8904A1F799A4800300AF9 /* Strings.swift */,
			);
			name = Strings;
			sourceTree = "<group>";
		};
		EED890521F799E1F00300AF9 /* View */ = {
			isa = PBXGroup;
			children = (
				EED890541F799E4500300AF9 /* RobotsView.swift */,
				EED8905A1F79A8DE00300AF9 /* RobotView.swift */,
			);
			name = View;
			sourceTree = "<group>";
		};
		EED890531F799E2300300AF9 /* ViewController */ = {
			isa = PBXGroup;
			children = (
				EED890561F79A27F00300AF9 /* RobotsViewController.swift */,
				EED8905C1F79A8F300300AF9 /* RobotViewController.swift */,
			);
			name = ViewController;
			sourceTree = "<group>";
		};
		EED8905E1F79A97F00300AF9 /* Utils */ = {
			isa = PBXGroup;
			children = (
				EED8905F1F79A9A800300AF9 /* SegueHandler.swift */,
				EED890631F79AD5900300AF9 /* Result.swift */,
			);
			name = Utils;
			sourceTree = "<group>";
		};
		EED890611F79AD0400300AF9 /* BusinessLogic */ = {
			isa = PBXGroup;
			children = (
				EED890621F79AD1500300AF9 /* Common */,
			);
			name = BusinessLogic;
			sourceTree = "<group>";
		};
		EED890621F79AD1500300AF9 /* Common */ = {
			isa = PBXGroup;
			children = (
				EED890651F7A713B00300AF9 /* Deserializer */,
				EED8906C1F7A739F00300AF9 /* Repository */,
				EED890731F7A8B6B00300AF9 /* Request */,
				EED890761F7A8EF100300AF9 /* Scheduler */,
				EED890831F7A975000300AF9 /* Transport */,
				EED8907B1F7A903C00300AF9 /* Service */,
				EED890801F7A970100300AF9 /* ServiceAssembly */,
			);
			name = Common;
			sourceTree = "<group>";
		};
		EED890651F7A713B00300AF9 /* Deserializer */ = {
			isa = PBXGroup;
			children = (
				EED890661F7A717800300AF9 /* Deserializer.swift */,
				EED890681F7A71A300300AF9 /* JSONDeserializer.swift */,
			);
			name = Deserializer;
			sourceTree = "<group>";
		};
		EED8906C1F7A739F00300AF9 /* Repository */ = {
			isa = PBXGroup;
			children = (
				EED8906D1F7A73BE00300AF9 /* Repository.swift */,
				EED8906F1F7A75C000300AF9 /* NetworkRepository.swift */,
			);
			name = Repository;
			sourceTree = "<group>";
		};
		EED890731F7A8B6B00300AF9 /* Request */ = {
			isa = PBXGroup;
			children = (
				EED890741F7A8B7C00300AF9 /* Request.swift */,
			);
			name = Request;
			sourceTree = "<group>";
		};
		EED890761F7A8EF100300AF9 /* Scheduler */ = {
			isa = PBXGroup;
			children = (
				EED890771F7A8F4B00300AF9 /* Scheduler.swift */,
				EED890791F7A8F6300300AF9 /* GCDScheduler.swift */,
			);
			name = Scheduler;
			sourceTree = "<group>";
		};
		EED8907B1F7A903C00300AF9 /* Service */ = {
			isa = PBXGroup;
			children = (
				EED8907C1F7A908800300AF9 /* ServiceLayer.swift */,
				EED8907E1F7A961900300AF9 /* Service.swift */,
			);
			name = Service;
			sourceTree = "<group>";
		};
		EED890801F7A970100300AF9 /* ServiceAssembly */ = {
			isa = PBXGroup;
			children = (
				EED890811F7A973B00300AF9 /* ServiceAssembly.swift */,
			);
			name = ServiceAssembly;
			sourceTree = "<group>";
		};
		EED890831F7A975000300AF9 /* Transport */ = {
			isa = PBXGroup;
			children = (
				EED890841F7A976C00300AF9 /* Transport.swift */,
				EED890861F7A979700300AF9 /* AlamofireTransport.swift */,
			);
			name = Transport;
			sourceTree = "<group>";
		};
		FB5CE1486A418262B23598A8 /* Pods */ = {
			isa = PBXGroup;
			children = (
				8E1FC0A0F093FE6E89AC09CE /* Pods-Robots.debug.xcconfig */,
				AD6F9C5729568D3F16D8AEEE /* Pods-Robots.release.xcconfig */,
			);
			name = Pods;
			sourceTree = "<group>";
		};
/* End PBXGroup section */

/* Begin PBXNativeTarget section */
		EE937BED1F786792004E8C48 /* Robots */ = {
			isa = PBXNativeTarget;
			buildConfigurationList = EE937C001F786792004E8C48 /* Build configuration list for PBXNativeTarget "Robots" */;
			buildPhases = (
				618FED54C15B7E68A20AA32E /* [CP] Check Pods Manifest.lock */,
				EE937BEA1F786792004E8C48 /* Sources */,
				EE937BEB1F786792004E8C48 /* Frameworks */,
				EE937BEC1F786792004E8C48 /* Resources */,
				77B146C73EA2694297344868 /* [CP] Embed Pods Frameworks */,
				75590360EA57F4EF92D058E5 /* [CP] Copy Pods Resources */,
			);
			buildRules = (
			);
			dependencies = (
			);
			name = Robots;
			productName = Robots;
			productReference = EE937BEE1F786792004E8C48 /* Robots.app */;
			productType = "com.apple.product-type.application";
		};
/* End PBXNativeTarget section */

/* Begin PBXProject section */
		EE937BE61F786792004E8C48 /* Project object */ = {
			isa = PBXProject;
			attributes = {
				LastSwiftUpdateCheck = 0830;
				LastUpgradeCheck = 0830;
				ORGANIZATIONNAME = sergey;
				TargetAttributes = {
					EE937BED1F786792004E8C48 = {
						CreatedOnToolsVersion = 8.3.3;
						DevelopmentTeam = QQSG7S4P3W;
						LastSwiftMigration = 0830;
						ProvisioningStyle = Automatic;
					};
				};
			};
			buildConfigurationList = EE937BE91F786792004E8C48 /* Build configuration list for PBXProject "Robots" */;
			compatibilityVersion = "Xcode 3.2";
			developmentRegion = English;
			hasScannedForEncodings = 0;
			knownRegions = (
				en,
				Base,
			);
			mainGroup = EE937BE51F786792004E8C48;
			productRefGroup = EE937BEF1F786792004E8C48 /* Products */;
			projectDirPath = "";
			projectRoot = "";
			targets = (
				EE937BED1F786792004E8C48 /* Robots */,
			);
		};
/* End PBXProject section */

/* Begin PBXResourcesBuildPhase section */
		EE937BEC1F786792004E8C48 /* Resources */ = {
			isa = PBXResourcesBuildPhase;
			buildActionMask = 2147483647;
			files = (
				EE937C0C1F786C74004E8C48 /* LaunchScreen.storyboard in Resources */,
				EE937C081F7869AC004E8C48 /* Assets.xcassets in Resources */,
				EE937C131F786E4C004E8C48 /* Main.storyboard in Resources */,
			);
			runOnlyForDeploymentPostprocessing = 0;
		};
/* End PBXResourcesBuildPhase section */

/* Begin PBXShellScriptBuildPhase section */
		618FED54C15B7E68A20AA32E /* [CP] Check Pods Manifest.lock */ = {
			isa = PBXShellScriptBuildPhase;
			buildActionMask = 2147483647;
			files = (
			);
			inputPaths = (
			);
			name = "[CP] Check Pods Manifest.lock";
			outputPaths = (
			);
			runOnlyForDeploymentPostprocessing = 0;
			shellPath = /bin/sh;
			shellScript = "diff \"${PODS_PODFILE_DIR_PATH}/Podfile.lock\" \"${PODS_ROOT}/Manifest.lock\" > /dev/null\nif [ $? != 0 ] ; then\n    # print error to STDERR\n    echo \"error: The sandbox is not in sync with the Podfile.lock. Run 'pod install' or update your CocoaPods installation.\" >&2\n    exit 1\nfi\n";
			showEnvVarsInLog = 0;
		};
		75590360EA57F4EF92D058E5 /* [CP] Copy Pods Resources */ = {
			isa = PBXShellScriptBuildPhase;
			buildActionMask = 2147483647;
			files = (
			);
			inputPaths = (
			);
			name = "[CP] Copy Pods Resources";
			outputPaths = (
			);
			runOnlyForDeploymentPostprocessing = 0;
			shellPath = /bin/sh;
			shellScript = "\"${SRCROOT}/Pods/Target Support Files/Pods-Robots/Pods-Robots-resources.sh\"\n";
			showEnvVarsInLog = 0;
		};
		77B146C73EA2694297344868 /* [CP] Embed Pods Frameworks */ = {
			isa = PBXShellScriptBuildPhase;
			buildActionMask = 2147483647;
			files = (
			);
			inputPaths = (
			);
			name = "[CP] Embed Pods Frameworks";
			outputPaths = (
			);
			runOnlyForDeploymentPostprocessing = 0;
			shellPath = /bin/sh;
			shellScript = "\"${SRCROOT}/Pods/Target Support Files/Pods-Robots/Pods-Robots-frameworks.sh\"\n";
			showEnvVarsInLog = 0;
		};
/* End PBXShellScriptBuildPhase section */

/* Begin PBXSourcesBuildPhase section */
		EE937BEA1F786792004E8C48 /* Sources */ = {
			isa = PBXSourcesBuildPhase;
			buildActionMask = 2147483647;
			files = (
				EED890601F79A9A800300AF9 /* SegueHandler.swift in Sources */,
				EED890821F7A973B00300AF9 /* ServiceAssembly.swift in Sources */,
				EED890781F7A8F4B00300AF9 /* Scheduler.swift in Sources */,
				EE937C3D1F796685004E8C48 /* ColoredTextButton.swift in Sources */,
				EED890851F7A976C00300AF9 /* Transport.swift in Sources */,
				EED890481F79836400300AF9 /* UIView+Autolayout.swift in Sources */,
				EED890701F7A75C000300AF9 /* NetworkRepository.swift in Sources */,
				EE937C401F796709004E8C48 /* UIImage+ResizableImage.swift in Sources */,
				EE937C171F786E64004E8C48 /* ViewController.swift in Sources */,
				EE937C0F1F786CF5004E8C48 /* AppDelegate.swift in Sources */,
				EED890641F79AD5900300AF9 /* Result.swift in Sources */,
				EED890671F7A717800300AF9 /* Deserializer.swift in Sources */,
				EED890691F7A71A300300AF9 /* JSONDeserializer.swift in Sources */,
				EE937C321F79623D004E8C48 /* Color.swift in Sources */,
				EE937C3A1F796663004E8C48 /* ErrorViewLabel.swift in Sources */,
				EED8907F1F7A961900300AF9 /* Service.swift in Sources */,
				EED8906E1F7A73BE00300AF9 /* Repository.swift in Sources */,
				EED8905D1F79A8F300300AF9 /* RobotViewController.swift in Sources */,
				EED8904B1F799A4800300AF9 /* Strings.swift in Sources */,
				EED8906B1F7A726100300AF9 /* AppError.swift in Sources */,
				EED890871F7A979700300AF9 /* AlamofireTransport.swift in Sources */,
				EED890751F7A8B7C00300AF9 /* Request.swift in Sources */,
				EE937C341F79635D004E8C48 /* Font.swift in Sources */,
				EED8905B1F79A8DE00300AF9 /* RobotView.swift in Sources */,
				EED8907A1F7A8F6300300AF9 /* GCDScheduler.swift in Sources */,
				EED890721F7A7ACD00300AF9 /* Dictionary+Mapping.swift in Sources */,
				EE937C271F795EC9004E8C48 /* View.swift in Sources */,
				EED890591F79A7DD00300AF9 /* AppearanceInitializer.swift in Sources */,
				EED890571F79A27F00300AF9 /* RobotsViewController.swift in Sources */,
				EED8907D1F7A908800300AF9 /* ServiceLayer.swift in Sources */,
				EE937C421F796765004E8C48 /* GreenTextButton.swift in Sources */,
				EED890551F799E4500300AF9 /* RobotsView.swift in Sources */,
				EE937C3B1F796663004E8C48 /* Label.swift in Sources */,
				EE937C291F795F37004E8C48 /* Constants.swift in Sources */,
			);
			runOnlyForDeploymentPostprocessing = 0;
		};
/* End PBXSourcesBuildPhase section */

/* Begin XCBuildConfiguration section */
		EE937BFE1F786792004E8C48 /* Debug */ = {
			isa = XCBuildConfiguration;
			buildSettings = {
				ALWAYS_SEARCH_USER_PATHS = NO;
				CLANG_ANALYZER_NONNULL = YES;
				CLANG_ANALYZER_NUMBER_OBJECT_CONVERSION = YES_AGGRESSIVE;
				CLANG_CXX_LANGUAGE_STANDARD = "gnu++0x";
				CLANG_CXX_LIBRARY = "libc++";
				CLANG_ENABLE_MODULES = YES;
				CLANG_ENABLE_OBJC_ARC = YES;
				CLANG_WARN_BOOL_CONVERSION = YES;
				CLANG_WARN_CONSTANT_CONVERSION = YES;
				CLANG_WARN_DIRECT_OBJC_ISA_USAGE = YES_ERROR;
				CLANG_WARN_DOCUMENTATION_COMMENTS = YES;
				CLANG_WARN_EMPTY_BODY = YES;
				CLANG_WARN_ENUM_CONVERSION = YES;
				CLANG_WARN_INFINITE_RECURSION = YES;
				CLANG_WARN_INT_CONVERSION = YES;
				CLANG_WARN_OBJC_ROOT_CLASS = YES_ERROR;
				CLANG_WARN_SUSPICIOUS_MOVE = YES;
				CLANG_WARN_UNREACHABLE_CODE = YES;
				CLANG_WARN__DUPLICATE_METHOD_MATCH = YES;
				"CODE_SIGN_IDENTITY[sdk=iphoneos*]" = "iPhone Developer";
				COPY_PHASE_STRIP = NO;
				DEBUG_INFORMATION_FORMAT = dwarf;
				ENABLE_STRICT_OBJC_MSGSEND = YES;
				ENABLE_TESTABILITY = YES;
				GCC_C_LANGUAGE_STANDARD = gnu99;
				GCC_DYNAMIC_NO_PIC = NO;
				GCC_NO_COMMON_BLOCKS = YES;
				GCC_OPTIMIZATION_LEVEL = 0;
				GCC_PREPROCESSOR_DEFINITIONS = (
					"DEBUG=1",
					"$(inherited)",
				);
				GCC_WARN_64_TO_32_BIT_CONVERSION = YES;
				GCC_WARN_ABOUT_RETURN_TYPE = YES_ERROR;
				GCC_WARN_UNDECLARED_SELECTOR = YES;
				GCC_WARN_UNINITIALIZED_AUTOS = YES_AGGRESSIVE;
				GCC_WARN_UNUSED_FUNCTION = YES;
				GCC_WARN_UNUSED_VARIABLE = YES;
				IPHONEOS_DEPLOYMENT_TARGET = 10.3;
				MTL_ENABLE_DEBUG_INFO = YES;
				ONLY_ACTIVE_ARCH = YES;
				SDKROOT = iphoneos;
				SWIFT_ACTIVE_COMPILATION_CONDITIONS = DEBUG;
				SWIFT_OPTIMIZATION_LEVEL = "-Onone";
				TARGETED_DEVICE_FAMILY = "1,2";
			};
			name = Debug;
		};
		EE937BFF1F786792004E8C48 /* Release */ = {
			isa = XCBuildConfiguration;
			buildSettings = {
				ALWAYS_SEARCH_USER_PATHS = NO;
				CLANG_ANALYZER_NONNULL = YES;
				CLANG_ANALYZER_NUMBER_OBJECT_CONVERSION = YES_AGGRESSIVE;
				CLANG_CXX_LANGUAGE_STANDARD = "gnu++0x";
				CLANG_CXX_LIBRARY = "libc++";
				CLANG_ENABLE_MODULES = YES;
				CLANG_ENABLE_OBJC_ARC = YES;
				CLANG_WARN_BOOL_CONVERSION = YES;
				CLANG_WARN_CONSTANT_CONVERSION = YES;
				CLANG_WARN_DIRECT_OBJC_ISA_USAGE = YES_ERROR;
				CLANG_WARN_DOCUMENTATION_COMMENTS = YES;
				CLANG_WARN_EMPTY_BODY = YES;
				CLANG_WARN_ENUM_CONVERSION = YES;
				CLANG_WARN_INFINITE_RECURSION = YES;
				CLANG_WARN_INT_CONVERSION = YES;
				CLANG_WARN_OBJC_ROOT_CLASS = YES_ERROR;
				CLANG_WARN_SUSPICIOUS_MOVE = YES;
				CLANG_WARN_UNREACHABLE_CODE = YES;
				CLANG_WARN__DUPLICATE_METHOD_MATCH = YES;
				"CODE_SIGN_IDENTITY[sdk=iphoneos*]" = "iPhone Developer";
				COPY_PHASE_STRIP = NO;
				DEBUG_INFORMATION_FORMAT = "dwarf-with-dsym";
				ENABLE_NS_ASSERTIONS = NO;
				ENABLE_STRICT_OBJC_MSGSEND = YES;
				GCC_C_LANGUAGE_STANDARD = gnu99;
				GCC_NO_COMMON_BLOCKS = YES;
				GCC_WARN_64_TO_32_BIT_CONVERSION = YES;
				GCC_WARN_ABOUT_RETURN_TYPE = YES_ERROR;
				GCC_WARN_UNDECLARED_SELECTOR = YES;
				GCC_WARN_UNINITIALIZED_AUTOS = YES_AGGRESSIVE;
				GCC_WARN_UNUSED_FUNCTION = YES;
				GCC_WARN_UNUSED_VARIABLE = YES;
				IPHONEOS_DEPLOYMENT_TARGET = 10.3;
				MTL_ENABLE_DEBUG_INFO = NO;
				SDKROOT = iphoneos;
				SWIFT_OPTIMIZATION_LEVEL = "-Owholemodule";
				TARGETED_DEVICE_FAMILY = "1,2";
				VALIDATE_PRODUCT = YES;
			};
			name = Release;
		};
		EE937C011F786792004E8C48 /* Debug */ = {
			isa = XCBuildConfiguration;
			baseConfigurationReference = 8E1FC0A0F093FE6E89AC09CE /* Pods-Robots.debug.xcconfig */;
			buildSettings = {
				ASSETCATALOG_COMPILER_APPICON_NAME = AppIcon;
				CLANG_ENABLE_MODULES = YES;
				DEVELOPMENT_TEAM = QQSG7S4P3W;
				INFOPLIST_FILE = "$(SRCROOT)/Robots/Supporting Files/Info.plist";
				LD_RUNPATH_SEARCH_PATHS = "$(inherited) @executable_path/Frameworks";
				PRODUCT_BUNDLE_IDENTIFIER = polozov.Robots;
				PRODUCT_NAME = "$(TARGET_NAME)";
				SWIFT_OPTIMIZATION_LEVEL = "-Onone";
				SWIFT_VERSION = 3.0;
			};
			name = Debug;
		};
		EE937C021F786792004E8C48 /* Release */ = {
			isa = XCBuildConfiguration;
			baseConfigurationReference = AD6F9C5729568D3F16D8AEEE /* Pods-Robots.release.xcconfig */;
			buildSettings = {
				ASSETCATALOG_COMPILER_APPICON_NAME = AppIcon;
				CLANG_ENABLE_MODULES = YES;
				DEVELOPMENT_TEAM = QQSG7S4P3W;
				INFOPLIST_FILE = "$(SRCROOT)/Robots/Supporting Files/Info.plist";
				LD_RUNPATH_SEARCH_PATHS = "$(inherited) @executable_path/Frameworks";
				PRODUCT_BUNDLE_IDENTIFIER = polozov.Robots;
				PRODUCT_NAME = "$(TARGET_NAME)";
				SWIFT_VERSION = 3.0;
			};
			name = Release;
		};
/* End XCBuildConfiguration section */

/* Begin XCConfigurationList section */
		EE937BE91F786792004E8C48 /* Build configuration list for PBXProject "Robots" */ = {
			isa = XCConfigurationList;
			buildConfigurations = (
				EE937BFE1F786792004E8C48 /* Debug */,
				EE937BFF1F786792004E8C48 /* Release */,
			);
			defaultConfigurationIsVisible = 0;
			defaultConfigurationName = Release;
		};
		EE937C001F786792004E8C48 /* Build configuration list for PBXNativeTarget "Robots" */ = {
			isa = XCConfigurationList;
			buildConfigurations = (
				EE937C011F786792004E8C48 /* Debug */,
				EE937C021F786792004E8C48 /* Release */,
			);
			defaultConfigurationIsVisible = 0;
			defaultConfigurationName = Release;
		};
/* End XCConfigurationList section */
	};
	rootObject = EE937BE61F786792004E8C48 /* Project object */;
}
